
Microsoft Visual Studio Solution File, Format Version 12.00
# Visual Studio 15
VisualStudioVersion = 15.0.27428.2015
MinimumVisualStudioVersion = 10.0.40219.1
Project("{FAE04EC0-301F-11D3-BF4B-00C04F79EFBC}") = "FeedbackBot", "FeedbackBot\FeedbackBot.csproj", "{FC6076FE-D9DC-4BB2-8174-DA5662A7E108}"
EndProject
Project("{9A19103F-16F7-4668-BE54-9A1E7A4F7556}") = "FeedbackBotAzureFunctions", "FeedbackBotAzureFunctions\FeedbackBotAzureFunctions.csproj", "{C3798130-5223-4BFF-8785-730190862F67}"
EndProject
Project("{FAE04EC0-301F-11D3-BF4B-00C04F79EFBC}") = "BotFrameworkTest", "BotFrameworkTest\BotFrameworkTest.csproj", "{09CBF558-E235-48CD-85D8-4053485FA862}"
EndProject
Global
	GlobalSection(SolutionConfigurationPlatforms) = preSolution
		Debug|Any CPU = Debug|Any CPU
		Release|Any CPU = Release|Any CPU
	EndGlobalSection
	GlobalSection(ProjectConfigurationPlatforms) = postSolution
		{FC6076FE-D9DC-4BB2-8174-DA5662A7E108}.Debug|Any CPU.ActiveCfg = Debug|Any CPU
		{FC6076FE-D9DC-4BB2-8174-DA5662A7E108}.Debug|Any CPU.Build.0 = Debug|Any CPU
		{FC6076FE-D9DC-4BB2-8174-DA5662A7E108}.Release|Any CPU.ActiveCfg = Release|Any CPU
		{FC6076FE-D9DC-4BB2-8174-DA5662A7E108}.Release|Any CPU.Build.0 = Release|Any CPU
		{C3798130-5223-4BFF-8785-730190862F67}.Debug|Any CPU.ActiveCfg = Debug|Any CPU
		{C3798130-5223-4BFF-8785-730190862F67}.Debug|Any CPU.Build.0 = Debug|Any CPU
		{C3798130-5223-4BFF-8785-730190862F67}.Release|Any CPU.ActiveCfg = Release|Any CPU
		{C3798130-5223-4BFF-8785-730190862F67}.Release|Any CPU.Build.0 = Release|Any CPU
		{09CBF558-E235-48CD-85D8-4053485FA862}.Debug|Any CPU.ActiveCfg = Debug|Any CPU
		{09CBF558-E235-48CD-85D8-4053485FA862}.Debug|Any CPU.Build.0 = Debug|Any CPU
		{09CBF558-E235-48CD-85D8-4053485FA862}.Release|Any CPU.ActiveCfg = Release|Any CPU
		{09CBF558-E235-48CD-85D8-4053485FA862}.Release|Any CPU.Build.0 = Release|Any CPU
	EndGlobalSection
	GlobalSection(SolutionProperties) = preSolution
		HideSolutionNode = FALSE
	EndGlobalSection
	GlobalSection(ExtensibilityGlobals) = postSolution
		SolutionGuid = {21FA22B3-652A-4389-ACE6-46F6E53E0BD7}
	EndGlobalSection
EndGlobal
